
Microsoft Visual Studio Solution File, Format Version 12.00
# Visual Studio Version 16
VisualStudioVersion = 16.0.29920.165
MinimumVisualStudioVersion = 10.0.40219.1
Project("{FAE04EC0-301F-11D3-BF4B-00C04F79EFBC}") = "NetCoreRedis", "NetCoreRedis\NetCoreRedis.csproj", "{77B12564-D3CC-4082-A6DA-335F3AF4EA60}"
EndProject
Global
	GlobalSection(SolutionConfigurationPlatforms) = preSolution
		Debug|Any CPU = Debug|Any CPU
		Release|Any CPU = Release|Any CPU
	EndGlobalSection
	GlobalSection(ProjectConfigurationPlatforms) = postSolution
		{77B12564-D3CC-4082-A6DA-335F3AF4EA60}.Debug|Any CPU.ActiveCfg = Debug|Any CPU
		{77B12564-D3CC-4082-A6DA-335F3AF4EA60}.Debug|Any CPU.Build.0 = Debug|Any CPU
		{77B12564-D3CC-4082-A6DA-335F3AF4EA60}.Release|Any CPU.ActiveCfg = Release|Any CPU
		{77B12564-D3CC-4082-A6DA-335F3AF4EA60}.Release|Any CPU.Build.0 = Release|Any CPU
	EndGlobalSection
	GlobalSection(SolutionProperties) = preSolution
		HideSolutionNode = FALSE
	EndGlobalSection
	GlobalSection(ExtensibilityGlobals) = postSolution
		SolutionGuid = {17C02425-6CB5-464A-A340-9FB96DA5ECB9}
	EndGlobalSection
EndGlobal
